
Microsoft Visual Studio Solution File, Format Version 12.00
# Visual Studio Version 17
VisualStudioVersion = 17.14.36518.9
MinimumVisualStudioVersion = 10.0.40219.1
Project("{E24C65DC-7377-472B-9ABA-BC803B73C61A}") = "mind-ar-js", "http://localhost:49779", "{F4F47C9E-F2FF-76C1-0372-0F8E7D35AA31}"
	ProjectSection(WebsiteProperties) = preProject
		UseIISExpress = "true"
		TargetFrameworkMoniker = ".NETFramework,Version%3Dv4.8"
		Debug.AspNetCompiler.VirtualPath = "/localhost_49779"
		Debug.AspNetCompiler.PhysicalPath = "..\mind-ar-js\"
		Debug.AspNetCompiler.TargetPath = "PrecompiledWeb\localhost_49779\"
		Debug.AspNetCompiler.Updateable = "true"
		Debug.AspNetCompiler.ForceOverwrite = "true"
		Debug.AspNetCompiler.FixedNames = "false"
		Debug.AspNetCompiler.Debug = "True"
		Release.AspNetCompiler.VirtualPath = "/localhost_49779"
		Release.AspNetCompiler.PhysicalPath = "..\mind-ar-js\"
		Release.AspNetCompiler.TargetPath = "PrecompiledWeb\localhost_49779\"
		Release.AspNetCompiler.Updateable = "true"
		Release.AspNetCompiler.ForceOverwrite = "true"
		Release.AspNetCompiler.FixedNames = "false"
		Release.AspNetCompiler.Debug = "False"
		SlnRelativePath = "..\mind-ar-js\"
	EndProjectSection
EndProject
Global
	GlobalSection(SolutionConfigurationPlatforms) = preSolution
		Debug|Any CPU = Debug|Any CPU
	EndGlobalSection
	GlobalSection(ProjectConfigurationPlatforms) = postSolution
		{F4F47C9E-F2FF-76C1-0372-0F8E7D35AA31}.Debug|Any CPU.ActiveCfg = Debug|Any CPU
		{F4F47C9E-F2FF-76C1-0372-0F8E7D35AA31}.Debug|Any CPU.Build.0 = Debug|Any CPU
	EndGlobalSection
	GlobalSection(SolutionProperties) = preSolution
		HideSolutionNode = FALSE
	EndGlobalSection
	GlobalSection(ExtensibilityGlobals) = postSolution
		SolutionGuid = {C7C638CE-C0AF-44C9-B56C-81B8B1E24422}
	EndGlobalSection
EndGlobal
